
Microsoft Visual Studio Solution File, Format Version 12.00
# Visual Studio Version 16
VisualStudioVersion = 16.0.29318.209
MinimumVisualStudioVersion = 10.0.40219.1
Project("{FAE04EC0-301F-11D3-BF4B-00C04F79EFBC}") = "SnakeWPF", "SnakeWPF\SnakeWPF.csproj", "{A637C4FF-FFEB-458F-BCBF-566F474BEA2C}"
EndProject
Global
	GlobalSection(SolutionConfigurationPlatforms) = preSolution
		Debug|Any CPU = Debug|Any CPU
		Release|Any CPU = Release|Any CPU
	EndGlobalSection
	GlobalSection(ProjectConfigurationPlatforms) = postSolution
		{A637C4FF-FFEB-458F-BCBF-566F474BEA2C}.Debug|Any CPU.ActiveCfg = Debug|Any CPU
		{A637C4FF-FFEB-458F-BCBF-566F474BEA2C}.Debug|Any CPU.Build.0 = Debug|Any CPU
		{A637C4FF-FFEB-458F-BCBF-566F474BEA2C}.Release|Any CPU.ActiveCfg = Release|Any CPU
		{A637C4FF-FFEB-458F-BCBF-566F474BEA2C}.Release|Any CPU.Build.0 = Release|Any CPU
	EndGlobalSection
	GlobalSection(SolutionProperties) = preSolution
		HideSolutionNode = FALSE
	EndGlobalSection
	GlobalSection(ExtensibilityGlobals) = postSolution
		SolutionGuid = {50616A75-B194-43C5-9837-CA4442FDCA54}
	EndGlobalSection
EndGlobal
